{
  "name": "work",
  "lockfileVersion": 3,
  "requires": true,
  "packages": {
    "": {
      "dependencies": {
        "@ndn/endpoint": "https://ndnts-nightly.ndn.today/endpoint.tgz",
        "@ndn/fw": "https://ndnts-nightly.ndn.today/fw.tgz",
        "@ndn/nfdmgmt": "https://ndnts-nightly.ndn.today/nfdmgmt.tgz",
        "@ndn/packet": "https://ndnts-nightly.ndn.today/packet.tgz",
        "@ndn/sync": "https://ndnts-nightly.ndn.today/sync.tgz",
        "@ndn/tlv": "https://ndnts-nightly.ndn.today/tlv.tgz",
        "@ndn/util": "https://ndnts-nightly.ndn.today/util.tgz"
      },
      "devDependencies": {
        "@types/node": "^20.12.12",
        "typescript": "^5.4.5"
      }
    },
    "node_modules/@ndn/endpoint": {
      "version": "0.0.20240512-nightly-337b871",
      "resolved": "https://ndnts-nightly.ndn.today/endpoint.tgz",
      "integrity": "sha512-LfHjXDBg3UhV567n2UtizPHpFXtJaSamAtahoiKiibKi7N031SPUJismY/oxMQU6RlJ7g8r/1/I4j7zMt7uUuQ==",
      "dependencies": {
        "@ndn/fw": "https://ndnts-nightly.ndn.today/fw.tgz",
        "@ndn/packet": "https://ndnts-nightly.ndn.today/packet.tgz",
        "@ndn/util": "https://ndnts-nightly.ndn.today/util.tgz",
        "streaming-iterables": "^8.0.1",
        "tslib": "^2.6.2"
      }
    },
    "node_modules/@ndn/fw": {
      "version": "0.0.20240512-nightly-337b871",
      "resolved": "https://ndnts-nightly.ndn.today/fw.tgz",
      "integrity": "sha512-frE8aOJ4XnVZ9hBYEJQKPaFposERxBYrJwPEWRX51KiI+H8ktskJNC0UnRyK+R7YvCUZShPdKBxhdQ8RIuSOng==",
      "dependencies": {
        "@ndn/packet": "https://ndnts-nightly.ndn.today/packet.tgz",
        "@ndn/util": "https://ndnts-nightly.ndn.today/util.tgz",
        "@types/retry": "^0.12.5",
        "hirestime": "^7.0.4",
        "mnemonist": "^0.39.8",
        "retry": "^0.13.1",
        "streaming-iterables": "^8.0.1",
        "tslib": "^2.6.2",
        "typescript-event-target": "^1.1.1"
      }
    },
    "node_modules/@ndn/keychain": {
      "version": "0.0.20240512-nightly-337b871",
      "resolved": "https://ndnts-nightly.ndn.today/keychain.tgz",
      "integrity": "sha512-vRgOxuTT8JmOHBvaT0xAKQh1B2NqHeOMwniimXj2Lvn3xs9Yp1Qg2cQkT0kbQDl6kEUHlh+/v4Nx9CIuxXm50A==",
      "dependencies": {
        "@ndn/naming-convention2": "https://ndnts-nightly.ndn.today/naming-convention2.tgz",
        "@ndn/packet": "https://ndnts-nightly.ndn.today/packet.tgz",
        "@ndn/tlv": "https://ndnts-nightly.ndn.today/tlv.tgz",
        "@ndn/util": "https://ndnts-nightly.ndn.today/util.tgz",
        "@yoursunny/asn1": "0.0.20200718",
        "@yoursunny/webcrypto-ed25519": "0.0.20230624",
        "idb-keyval": "^6.2.1",
        "mnemonist": "^0.39.8",
        "tslib": "^2.6.2",
        "type-fest": "^4.18.2",
        "wait-your-turn": "^1.0.1"
      }
    },
    "node_modules/@ndn/l3face": {
      "version": "0.0.20240512-nightly-337b871",
      "resolved": "https://ndnts-nightly.ndn.today/l3face.tgz",
      "integrity": "sha512-yVtVbNP/YN03GPIvlUhptbOnFUmyeoGSQ9aP8MsiGrM/0q9BMFEx+IHFADGLYuhOcGmptoKU9bf8uJkrf6crrQ==",
      "dependencies": {
        "@ndn/fw": "https://ndnts-nightly.ndn.today/fw.tgz",
        "@ndn/lp": "https://ndnts-nightly.ndn.today/lp.tgz",
        "@ndn/packet": "https://ndnts-nightly.ndn.today/packet.tgz",
        "@ndn/tlv": "https://ndnts-nightly.ndn.today/tlv.tgz",
        "@ndn/util": "https://ndnts-nightly.ndn.today/util.tgz",
        "abortable-iterator": "^5.0.1",
        "p-event": "^6.0.1",
        "retry": "^0.13.1",
        "streaming-iterables": "^8.0.1",
        "tslib": "^2.6.2",
        "type-fest": "^4.18.2",
        "typescript-event-target": "^1.1.1"
      }
    },
    "node_modules/@ndn/lp": {
      "version": "0.0.20240512-nightly-337b871",
      "resolved": "https://ndnts-nightly.ndn.today/lp.tgz",
      "integrity": "sha512-Gx0NjAGPcvdvYz9CeHq3D8WQwJ/nClbMDqIP3gwrXqd7fM4/k81JQ0yhaWp8xft4exytaAxrBMJ9/fDTIb82AA==",
      "dependencies": {
        "@ndn/packet": "https://ndnts-nightly.ndn.today/packet.tgz",
        "@ndn/tlv": "https://ndnts-nightly.ndn.today/tlv.tgz",
        "@ndn/util": "https://ndnts-nightly.ndn.today/util.tgz",
        "it-keepalive": "^1.2.0",
        "tslib": "^2.6.2"
      }
    },
    "node_modules/@ndn/naming-convention2": {
      "version": "0.0.20240512-nightly-337b871",
      "resolved": "https://ndnts-nightly.ndn.today/naming-convention2.tgz",
      "integrity": "sha512-T+Mlc6gKXAkS6iTw5j0RX77qYv1SyEAvPUmhzxsT9fuCdFgnm/ifs50wGsrvLIiC9NxY4kf9U1Hjv1sCf6W1Vg==",
      "dependencies": {
        "@ndn/packet": "https://ndnts-nightly.ndn.today/packet.tgz",
        "@ndn/tlv": "https://ndnts-nightly.ndn.today/tlv.tgz",
        "@ndn/util": "https://ndnts-nightly.ndn.today/util.tgz",
        "tslib": "^2.6.2"
      }
    },
    "node_modules/@ndn/nfdmgmt": {
      "version": "0.0.20240512-nightly-337b871",
      "resolved": "https://ndnts-nightly.ndn.today/nfdmgmt.tgz",
      "integrity": "sha512-KNTH3wS4QkMdJwiczM4rxUeqZIyR8o81nnnacpkLLfjnajwSKJPSFChh1w5PCVHOcy2oEZlTDrmyAp1Ii6VFhA==",
      "dependencies": {
        "@ndn/endpoint": "https://ndnts-nightly.ndn.today/endpoint.tgz",
        "@ndn/fw": "https://ndnts-nightly.ndn.today/fw.tgz",
        "@ndn/keychain": "https://ndnts-nightly.ndn.today/keychain.tgz",
        "@ndn/packet": "https://ndnts-nightly.ndn.today/packet.tgz",
        "@ndn/segmented-object": "https://ndnts-nightly.ndn.today/segmented-object.tgz",
        "@ndn/tlv": "https://ndnts-nightly.ndn.today/tlv.tgz",
        "@ndn/util": "https://ndnts-nightly.ndn.today/util.tgz",
        "obliterator": "^2.0.4",
        "tslib": "^2.6.2"
      }
    },
    "node_modules/@ndn/packet": {
      "version": "0.0.20240512-nightly-337b871",
      "resolved": "https://ndnts-nightly.ndn.today/packet.tgz",
      "integrity": "sha512-H+O8cuQ8IIPkb0f8Wsrj0TiTbhUW107I9NId9q/A6qGFr0/DK/7ZnDsWlbuhGZ3pBk7KY8KkEZpo+nNw9tmpmA==",
      "dependencies": {
        "@ndn/tlv": "https://ndnts-nightly.ndn.today/tlv.tgz",
        "@ndn/util": "https://ndnts-nightly.ndn.today/util.tgz",
        "buffer-compare": "^1.1.1",
        "mnemonist": "^0.39.8",
        "tslib": "^2.6.2",
        "type-fest": "^4.18.2"
      }
    },
    "node_modules/@ndn/psync": {
      "version": "0.0.20240512-nightly-337b871",
      "resolved": "https://ndnts-nightly.ndn.today/psync.tgz",
      "integrity": "sha512-z7Pwlom9CUOAy0/zoW6I9mk7ExICXs3R5F8PlHydKZdbwuGc5K20o2yyCqReh+wniaD3ud462l6o+aWeTm7agQ==",
      "dependencies": {
        "@ndn/endpoint": "https://ndnts-nightly.ndn.today/endpoint.tgz",
        "@ndn/naming-convention2": "https://ndnts-nightly.ndn.today/naming-convention2.tgz",
        "@ndn/packet": "https://ndnts-nightly.ndn.today/packet.tgz",
        "@ndn/segmented-object": "https://ndnts-nightly.ndn.today/segmented-object.tgz",
        "@ndn/sync-api": "https://ndnts-nightly.ndn.today/sync-api.tgz",
        "@ndn/tlv": "https://ndnts-nightly.ndn.today/tlv.tgz",
        "@ndn/util": "https://ndnts-nightly.ndn.today/util.tgz",
        "@yoursunny/psync-bloom": "github:yoursunny/PSyncBloom-wasm#build",
        "applymixins": "^1.1.0",
        "mnemonist": "^0.39.8",
        "murmurhash3js-revisited": "^3.0.0",
        "obliterator": "^2.0.4",
        "p-defer": "^4.0.1",
        "pako": "^2.1.0",
        "tslib": "^2.6.2",
        "typescript-event-target": "^1.1.1"
      }
    },
    "node_modules/@ndn/rdr": {
      "version": "0.0.20240512-nightly-337b871",
      "resolved": "https://ndnts-nightly.ndn.today/rdr.tgz",
      "integrity": "sha512-tzliLwKsiftkJOux2YCSFPkDX57FPEChfz2HmxTWV86MqwECILg1jjpKvOARgs9zJG3XV3CqSKan5thsy/8RoA==",
      "dependencies": {
        "@ndn/endpoint": "https://ndnts-nightly.ndn.today/endpoint.tgz",
        "@ndn/naming-convention2": "https://ndnts-nightly.ndn.today/naming-convention2.tgz",
        "@ndn/packet": "https://ndnts-nightly.ndn.today/packet.tgz",
        "@ndn/tlv": "https://ndnts-nightly.ndn.today/tlv.tgz",
        "tslib": "^2.6.2"
      }
    },
    "node_modules/@ndn/repo-api": {
      "version": "0.0.20240512-nightly-337b871",
      "resolved": "https://ndnts-nightly.ndn.today/repo-api.tgz",
      "integrity": "sha512-D71SwEB8tfnurVMGUKv1cM7bszCmXOLWX3w/T2YPhJ+b1UFezvzYnwzjWKeogvubRbzGDHiDW3otRLB2SRbncQ==",
      "dependencies": {
        "@ndn/l3face": "https://ndnts-nightly.ndn.today/l3face.tgz",
        "@ndn/naming-convention2": "https://ndnts-nightly.ndn.today/naming-convention2.tgz",
        "@ndn/packet": "https://ndnts-nightly.ndn.today/packet.tgz",
        "@ndn/rdr": "https://ndnts-nightly.ndn.today/rdr.tgz",
        "@ndn/tlv": "https://ndnts-nightly.ndn.today/tlv.tgz",
        "@ndn/util": "https://ndnts-nightly.ndn.today/util.tgz",
        "is-stream": "^4.0.1",
        "p-defer": "^4.0.1",
        "p-event": "^6.0.1",
        "streaming-iterables": "^8.0.1",
        "tslib": "^2.6.2",
        "typescript-event-target": "^1.1.1",
        "wait-your-turn": "^1.0.1"
      }
    },
    "node_modules/@ndn/segmented-object": {
      "version": "0.0.20240512-nightly-337b871",
      "resolved": "https://ndnts-nightly.ndn.today/segmented-object.tgz",
      "integrity": "sha512-gsb+/AvvWZ6X0vFnhw5g9qkjzReeMVI7QRVlgtxCgCdT3KFLnFchl7kNhkNZwaxcaIZw+yO7AYbE/D6i9QA6hA==",
      "dependencies": {
        "@ndn/endpoint": "https://ndnts-nightly.ndn.today/endpoint.tgz",
        "@ndn/fw": "https://ndnts-nightly.ndn.today/fw.tgz",
        "@ndn/naming-convention2": "https://ndnts-nightly.ndn.today/naming-convention2.tgz",
        "@ndn/packet": "https://ndnts-nightly.ndn.today/packet.tgz",
        "@ndn/util": "https://ndnts-nightly.ndn.today/util.tgz",
        "hirestime": "^7.0.4",
        "it-keepalive": "^1.2.0",
        "mnemonist": "^0.39.8",
        "obliterator": "^2.0.4",
        "p-defer": "^4.0.1",
        "p-lazy": "^4.0.0",
        "streaming-iterables": "^8.0.1",
        "tslib": "^2.6.2",
        "typescript-event-target": "^1.1.1"
      }
    },
    "node_modules/@ndn/svs": {
      "version": "0.0.20240512-nightly-337b871",
      "resolved": "https://ndnts-nightly.ndn.today/svs.tgz",
      "integrity": "sha512-uZwqua6Qe5yEgwrl/xs7c/5L9oUZxJgVvRoFpriPVD5at1gigFvsSw++vl3IVfRpWT/lJ6nQo3GdR3epcEx4nQ==",
      "dependencies": {
        "@ndn/endpoint": "https://ndnts-nightly.ndn.today/endpoint.tgz",
        "@ndn/fw": "https://ndnts-nightly.ndn.today/fw.tgz",
        "@ndn/naming-convention2": "https://ndnts-nightly.ndn.today/naming-convention2.tgz",
        "@ndn/packet": "https://ndnts-nightly.ndn.today/packet.tgz",
        "@ndn/repo-api": "https://ndnts-nightly.ndn.today/repo-api.tgz",
        "@ndn/segmented-object": "https://ndnts-nightly.ndn.today/segmented-object.tgz",
        "@ndn/sync-api": "https://ndnts-nightly.ndn.today/sync-api.tgz",
        "@ndn/tlv": "https://ndnts-nightly.ndn.today/tlv.tgz",
        "@ndn/util": "https://ndnts-nightly.ndn.today/util.tgz",
        "streaming-iterables": "^8.0.1",
        "tslib": "^2.6.2",
        "type-fest": "^4.18.2",
        "typescript-event-target": "^1.1.1"
      }
    },
    "node_modules/@ndn/sync": {
      "version": "0.0.20240512-nightly-337b871",
      "resolved": "https://ndnts-nightly.ndn.today/sync.tgz",
      "integrity": "sha512-5SZ5E3ThtrsxDKhIAbGXnjckMtgtlk+Jcc9j8l05A5526K3dzF5VhWV9XQL1a3XvQp6A7DiYtaELsYpnnEpcgw==",
      "dependencies": {
        "@ndn/psync": "https://ndnts-nightly.ndn.today/psync.tgz",
        "@ndn/svs": "https://ndnts-nightly.ndn.today/svs.tgz",
        "@ndn/sync-api": "https://ndnts-nightly.ndn.today/sync-api.tgz"
      }
    },
    "node_modules/@ndn/sync-api": {
      "version": "0.0.20240512-nightly-337b871",
      "resolved": "https://ndnts-nightly.ndn.today/sync-api.tgz",
      "integrity": "sha512-MZLWY1JNRrWz7mU7LnQRmzwpN/YiQnFk/jOrkfgaIe+elyJbq0ImRVg7SwFhk4xvAbj/mmBZ4xINvEdgnWtaXA==",
      "dependencies": {
        "@ndn/packet": "https://ndnts-nightly.ndn.today/packet.tgz",
        "@ndn/util": "https://ndnts-nightly.ndn.today/util.tgz",
        "tslib": "^2.6.2",
        "typescript-event-target": "^1.1.1"
      }
    },
    "node_modules/@ndn/tlv": {
      "version": "0.0.20240512-nightly-337b871",
      "resolved": "https://ndnts-nightly.ndn.today/tlv.tgz",
      "integrity": "sha512-tIXVjzzo69NimBATUkogmINIu6zgFSPe2yRSQ57KDX7Lc3DOlXdH0YJ5w+7cTrRcgO5SP1g9wAToJj0E3/HlNg==",
      "dependencies": {
        "@ndn/util": "https://ndnts-nightly.ndn.today/util.tgz",
        "mnemonist": "^0.39.8",
        "tslib": "^2.6.2",
        "type-fest": "^4.18.2"
      }
    },
    "node_modules/@ndn/util": {
      "version": "0.0.20240512-nightly-337b871",
      "resolved": "https://ndnts-nightly.ndn.today/util.tgz",
      "integrity": "sha512-j33Ng4QhDarPkIhS5whVYs/OsX9i+7/yx+S/VnANma41yUj8R6+Po2QWeY3mP9FeRcw/gD9biRy4OkSAah5zgQ==",
      "dependencies": {
        "@shigen/polyfill-symbol-dispose": "^1.0.1",
        "@types/minimalistic-assert": "^1.0.3",
        "event-iterator": "^2.0.0",
        "minimalistic-assert": "^1.0.1",
        "streaming-iterables": "^8.0.1",
        "tslib": "^2.6.2",
        "type-fest": "^4.18.2",
        "wait-your-turn": "^1.0.1"
      },
      "engines": {
        "node": "^20.12.0 || ^22.0.0"
      }
    },
    "node_modules/@noble/ed25519": {
      "version": "2.1.0",
      "resolved": "https://registry.npmjs.org/@noble/ed25519/-/ed25519-2.1.0.tgz",
      "integrity": "sha512-KM4qTyXPinyCgMzeYJH/UudpdL+paJXtY3CHtHYZQtBkS8MZoPr4rOikZllIutJe0d06QDQKisyn02gxZ8TcQA==",
      "funding": {
        "url": "https://paulmillr.com/funding/"
      }
    },
    "node_modules/@root/encoding": {
      "version": "1.0.1",
      "resolved": "https://registry.npmjs.org/@root/encoding/-/encoding-1.0.1.tgz",
      "integrity": "sha512-OaEub02ufoU038gy6bsNHQOjIn8nUjGiLcaRmJ40IUykneJkIW5fxDqKxQx48cszuNflYldsJLPPXCrGfHs8yQ=="
    },
    "node_modules/@shigen/polyfill-symbol-dispose": {
      "version": "1.0.1",
      "resolved": "https://registry.npmjs.org/@shigen/polyfill-symbol-dispose/-/polyfill-symbol-dispose-1.0.1.tgz",
      "integrity": "sha512-g8OSf0SiNNRojr+2PJT8j1yj+TPt7mDCYbjYWQMVOeFWcrDC9NEM87tElI/e6REpykSsKckoup8v0tcquQ6K5w=="
    },
    "node_modules/@types/minimalistic-assert": {
      "version": "1.0.3",
      "resolved": "https://registry.npmjs.org/@types/minimalistic-assert/-/minimalistic-assert-1.0.3.tgz",
      "integrity": "sha512-Ku87cam4YxiXcEpeUemo+vO8QWGQ7U2CwEEcLcYFhxG8b4CK8gWxSX/oWjePWKwqPaWWxxVqXAdAjGdlJtVzDA=="
    },
    "node_modules/@types/node": {
      "version": "20.12.12",
      "resolved": "https://registry.npmjs.org/@types/node/-/node-20.12.12.tgz",
      "integrity": "sha512-eWLDGF/FOSPtAvEqeRAQ4C8LSA7M1I7i0ky1I8U7kD1J5ITyW3AsRhQrKVoWf5pFKZ2kILsEGJhsI9r93PYnOw==",
      "dev": true,
      "dependencies": {
        "undici-types": "~5.26.4"
      }
    },
    "node_modules/@types/retry": {
      "version": "0.12.5",
      "resolved": "https://registry.npmjs.org/@types/retry/-/retry-0.12.5.tgz",
      "integrity": "sha512-3xSjTp3v03X/lSQLkczaN9UIEwJMoMCA1+Nb5HfbJEQWogdeQIyVtTvxPXDQjZ5zws8rFQfVfRdz03ARihPJgw=="
    },
    "node_modules/@types/root__asn1": {
      "version": "1.0.5",
      "resolved": "https://registry.npmjs.org/@types/root__asn1/-/root__asn1-1.0.5.tgz",
      "integrity": "sha512-halz3HrALf1N4pUJrtQrH6mdWPczXwshoWjuxmx49riKMJv2MZGKXnauk0RjlnRzM0rlwiAJRlMT9FtSjnF2kw=="
    },
    "node_modules/@yoursunny/asn1": {
      "version": "0.0.20200718",
      "resolved": "https://registry.npmjs.org/@yoursunny/asn1/-/asn1-0.0.20200718.tgz",
      "integrity": "sha512-PFM+/rP/GHm1i37NlbZp8+piK2WVzEbq8rai71dlNN+njF3gaUVKDPgmTRIs18j99XeM/n71NFiaGr4QPbHF3g==",
      "dependencies": {
        "@root/encoding": "^1.0.1",
        "@types/root__asn1": "^1.0.0"
      }
    },
    "node_modules/@yoursunny/psync-bloom": {
      "version": "0.0.0",
      "resolved": "git+ssh://git@github.com/yoursunny/PSyncBloom-wasm.git#b9a084ebc447c6366d5be227dee855a8d818ebea"
    },
    "node_modules/@yoursunny/webcrypto-ed25519": {
      "version": "0.0.20230624",
      "resolved": "https://registry.npmjs.org/@yoursunny/webcrypto-ed25519/-/webcrypto-ed25519-0.0.20230624.tgz",
      "integrity": "sha512-MK7bBOryLF1WeT8OUrohR+30yMXVukDSK1p6xPPYGJ+tYZPDkL2LzS+y+k8VKP5wl8aDCo3KRddGHQYnHjd57Q==",
      "dependencies": {
        "@noble/ed25519": "^2.0.0",
        "@yoursunny/asn1": "0.0.20200718",
        "b64u-lite": "^1.1.0",
        "compare-versions": "6.0.0-rc.1"
      }
    },
    "node_modules/abortable-iterator": {
      "version": "5.0.1",
      "resolved": "https://registry.npmjs.org/abortable-iterator/-/abortable-iterator-5.0.1.tgz",
      "integrity": "sha512-hlZ5Z8UwqrKsJcelVPEqDduZowJPBQJ9ZhBC2FXpja3lXy8X6MoI5uMzIgmrA8+3jcVnp8TF/tx+IBBqYJNUrg==",
      "dependencies": {
        "get-iterator": "^2.0.0",
        "it-stream-types": "^2.0.1"
      },
      "engines": {
        "node": ">=16.0.0",
        "npm": ">=7.0.0"
      }
    },
    "node_modules/applymixins": {
      "version": "1.1.0",
      "resolved": "https://registry.npmjs.org/applymixins/-/applymixins-1.1.0.tgz",
      "integrity": "sha512-mLvdWWGyCbRJyLC0BJCRu1m/642aVVq3kIwD1MWwmdedkVGwXVrx5D85EhkAtb4NgkCfVTDwacIhTDeX3gu55w=="
    },
    "node_modules/b64-lite": {
      "version": "1.4.0",
      "resolved": "https://registry.npmjs.org/b64-lite/-/b64-lite-1.4.0.tgz",
      "integrity": "sha512-aHe97M7DXt+dkpa8fHlCcm1CnskAHrJqEfMI0KN7dwqlzml/aUe1AGt6lk51HzrSfVD67xOso84sOpr+0wIe2w==",
      "dependencies": {
        "base-64": "^0.1.0"
      }
    },
    "node_modules/b64u-lite": {
      "version": "1.1.0",
      "resolved": "https://registry.npmjs.org/b64u-lite/-/b64u-lite-1.1.0.tgz",
      "integrity": "sha512-929qWGDVCRph7gQVTC6koHqQIpF4vtVaSbwLltFQo44B1bYUquALswZdBKFfrJCPEnsCOvWkJsPdQYZ/Ukhw8A==",
      "dependencies": {
        "b64-lite": "^1.4.0"
      }
    },
    "node_modules/base-64": {
      "version": "0.1.0",
      "resolved": "https://registry.npmjs.org/base-64/-/base-64-0.1.0.tgz",
      "integrity": "sha512-Y5gU45svrR5tI2Vt/X9GPd3L0HNIKzGu202EjxrXMpuc2V2CiKgemAbUUsqYmZJvPtCXoUKjNZwBJzsNScUbXA=="
    },
    "node_modules/buffer-compare": {
      "version": "1.1.1",
      "resolved": "https://registry.npmjs.org/buffer-compare/-/buffer-compare-1.1.1.tgz",
      "integrity": "sha512-O6NvNiHZMd3mlIeMDjP6t/gPG75OqGPeiRZXoMQZJ6iy9GofCls4Ijs5YkPZZwoysizLiedhticmdyx/GyHghA=="
    },
    "node_modules/compare-versions": {
      "version": "6.0.0-rc.1",
      "resolved": "https://registry.npmjs.org/compare-versions/-/compare-versions-6.0.0-rc.1.tgz",
      "integrity": "sha512-cFhkjbGY1jLFWIV7KegECbfuyYPxSGvgGkdkfM+ibboQDoPwg2FRHm5BSNTOApiauRBzJIQH7qvOJs2sW5ueKQ=="
    },
    "node_modules/event-iterator": {
      "version": "2.0.0",
      "resolved": "https://registry.npmjs.org/event-iterator/-/event-iterator-2.0.0.tgz",
      "integrity": "sha512-KGft0ldl31BZVV//jj+IAIGCxkvvUkkON+ScH6zfoX+l+omX6001ggyRSpI0Io2Hlro0ThXotswCtfzS8UkIiQ=="
    },
    "node_modules/get-iterator": {
      "version": "2.0.1",
      "resolved": "https://registry.npmjs.org/get-iterator/-/get-iterator-2.0.1.tgz",
      "integrity": "sha512-7HuY/hebu4gryTDT7O/XY/fvY9wRByEGdK6QOa4of8npTcv0+NS6frFKABcf6S9EBAsveTuKTsZQQBFMMNILIg=="
    },
    "node_modules/hirestime": {
      "version": "7.0.4",
      "resolved": "https://registry.npmjs.org/hirestime/-/hirestime-7.0.4.tgz",
      "integrity": "sha512-+MBUB+eJCfsLnl/DOeQTUi/GgS+Ottk5/pR6pDN7HJNOkMOHMMmmvNmQhes1zevzVi6xiulsY8ZnPrDZEcXXxg==",
      "engines": {
        "node": ">=6.0"
      }
    },
    "node_modules/idb-keyval": {
      "version": "6.2.1",
      "resolved": "https://registry.npmjs.org/idb-keyval/-/idb-keyval-6.2.1.tgz",
      "integrity": "sha512-8Sb3veuYCyrZL+VBt9LJfZjLUPWVvqn8tG28VqYNFCo43KHcKuq+b4EiXGeuaLAQWL2YmyDgMp2aSpH9JHsEQg=="
    },
    "node_modules/is-stream": {
      "version": "4.0.1",
      "resolved": "https://registry.npmjs.org/is-stream/-/is-stream-4.0.1.tgz",
      "integrity": "sha512-Dnz92NInDqYckGEUJv689RbRiTSEHCQ7wOVeALbkOz999YpqT46yMRIGtSNl2iCL1waAZSx40+h59NV/EwzV/A==",
      "engines": {
        "node": ">=18"
      },
      "funding": {
        "url": "https://github.com/sponsors/sindresorhus"
      }
    },
    "node_modules/it-keepalive": {
      "version": "1.2.0",
      "resolved": "https://registry.npmjs.org/it-keepalive/-/it-keepalive-1.2.0.tgz",
      "integrity": "sha512-YdV0VcVIkq0i26MFx9JC9tZcRApeJnOaLSDJEaNqJ55RjJHnUpCjPqeFj6An84lrP/Y9iNyHwHhgDOMF7nNbdw==",
      "dependencies": {
        "get-iterator": "^1.0.2"
      }
    },
    "node_modules/it-keepalive/node_modules/get-iterator": {
      "version": "1.0.2",
      "resolved": "https://registry.npmjs.org/get-iterator/-/get-iterator-1.0.2.tgz",
      "integrity": "sha512-v+dm9bNVfOYsY1OrhaCrmyOcYoSeVvbt+hHZ0Au+T+p1y+0Uyj9aMaGIeUTT6xdpRbWzDeYKvfOslPhggQMcsg=="
    },
    "node_modules/it-stream-types": {
      "version": "2.0.1",
      "resolved": "https://registry.npmjs.org/it-stream-types/-/it-stream-types-2.0.1.tgz",
      "integrity": "sha512-6DmOs5r7ERDbvS4q8yLKENcj6Yecr7QQTqWApbZdfAUTEC947d+PEha7PCqhm//9oxaLYL7TWRekwhoXl2s6fg==",
      "engines": {
        "node": ">=16.0.0",
        "npm": ">=7.0.0"
      }
    },
    "node_modules/minimalistic-assert": {
      "version": "1.0.1",
      "resolved": "https://registry.npmjs.org/minimalistic-assert/-/minimalistic-assert-1.0.1.tgz",
      "integrity": "sha512-UtJcAD4yEaGtjPezWuO9wC4nwUnVH/8/Im3yEHQP4b67cXlD/Qr9hdITCU1xDbSEXg2XKNaP8jsReV7vQd00/A=="
    },
    "node_modules/mnemonist": {
      "version": "0.39.8",
      "resolved": "https://registry.npmjs.org/mnemonist/-/mnemonist-0.39.8.tgz",
      "integrity": "sha512-vyWo2K3fjrUw8YeeZ1zF0fy6Mu59RHokURlld8ymdUPjMlD9EC9ov1/YPqTgqRvUN9nTr3Gqfz29LYAmu0PHPQ==",
      "dependencies": {
        "obliterator": "^2.0.1"
      }
    },
    "node_modules/murmurhash3js-revisited": {
      "version": "3.0.0",
      "resolved": "https://registry.npmjs.org/murmurhash3js-revisited/-/murmurhash3js-revisited-3.0.0.tgz",
      "integrity": "sha512-/sF3ee6zvScXMb1XFJ8gDsSnY+X8PbOyjIuBhtgis10W2Jx4ZjIhikUCIF9c4gpJxVnQIsPAFrSwTCuAjicP6g==",
      "engines": {
        "node": ">=8.0.0"
      }
    },
    "node_modules/obliterator": {
      "version": "2.0.4",
      "resolved": "https://registry.npmjs.org/obliterator/-/obliterator-2.0.4.tgz",
      "integrity": "sha512-lgHwxlxV1qIg1Eap7LgIeoBWIMFibOjbrYPIPJZcI1mmGAI2m3lNYpK12Y+GBdPQ0U1hRwSord7GIaawz962qQ=="
    },
    "node_modules/p-defer": {
      "version": "4.0.1",
      "resolved": "https://registry.npmjs.org/p-defer/-/p-defer-4.0.1.tgz",
      "integrity": "sha512-Mr5KC5efvAK5VUptYEIopP1bakB85k2IWXaRC0rsh1uwn1L6M0LVml8OIQ4Gudg4oyZakf7FmeRLkMMtZW1i5A==",
      "engines": {
        "node": ">=12"
      },
      "funding": {
        "url": "https://github.com/sponsors/sindresorhus"
      }
    },
    "node_modules/p-event": {
      "version": "6.0.1",
      "resolved": "https://registry.npmjs.org/p-event/-/p-event-6.0.1.tgz",
      "integrity": "sha512-Q6Bekk5wpzW5qIyUP4gdMEujObYstZl6DMMOSenwBvV0BlE5LkDwkjs5yHbZmdCEq2o4RJx4tE1vwxFVf2FG1w==",
      "dependencies": {
        "p-timeout": "^6.1.2"
      },
      "engines": {
        "node": ">=16.17"
      },
      "funding": {
        "url": "https://github.com/sponsors/sindresorhus"
      }
    },
    "node_modules/p-lazy": {
      "version": "4.0.0",
      "resolved": "https://registry.npmjs.org/p-lazy/-/p-lazy-4.0.0.tgz",
      "integrity": "sha512-8lIogVWwqBkiBy4FpylVHLalB9dZ25B2zBdY4OGGknDPWB7ehf2jyxmbh8z3MZsfbERLNU266h9Yx3cxHn3lFg==",
      "engines": {
        "node": ">=12"
      },
      "funding": {
        "url": "https://github.com/sponsors/sindresorhus"
      }
    },
    "node_modules/p-timeout": {
      "version": "6.1.2",
      "resolved": "https://registry.npmjs.org/p-timeout/-/p-timeout-6.1.2.tgz",
      "integrity": "sha512-UbD77BuZ9Bc9aABo74gfXhNvzC9Tx7SxtHSh1fxvx3jTLLYvmVhiQZZrJzqqU0jKbN32kb5VOKiLEQI/3bIjgQ==",
      "engines": {
        "node": ">=14.16"
      },
      "funding": {
        "url": "https://github.com/sponsors/sindresorhus"
      }
    },
    "node_modules/pako": {
      "version": "2.1.0",
      "resolved": "https://registry.npmjs.org/pako/-/pako-2.1.0.tgz",
      "integrity": "sha512-w+eufiZ1WuJYgPXbV/PO3NCMEc3xqylkKHzp8bxp1uW4qaSNQUkwmLLEc3kKsfz8lpV1F8Ht3U1Cm+9Srog2ug=="
    },
    "node_modules/retry": {
      "version": "0.13.1",
      "resolved": "https://registry.npmjs.org/retry/-/retry-0.13.1.tgz",
      "integrity": "sha512-XQBQ3I8W1Cge0Seh+6gjj03LbmRFWuoszgK9ooCpwYIrhhoO80pfq4cUkU5DkknwfOfFteRwlZ56PYOGYyFWdg==",
      "engines": {
        "node": ">= 4"
      }
    },
    "node_modules/streaming-iterables": {
      "version": "8.0.1",
      "resolved": "https://registry.npmjs.org/streaming-iterables/-/streaming-iterables-8.0.1.tgz",
      "integrity": "sha512-yfQdmUB1b+rGLZkD/r6YisT/eNOjZxBAckXKlzYNmRJnwSzHaiScykD8gsQceFcShtK09qAbLhOqvzIpnBPoDQ==",
      "engines": {
        "node": ">=18"
      }
    },
    "node_modules/tslib": {
      "version": "2.6.2",
      "resolved": "https://registry.npmjs.org/tslib/-/tslib-2.6.2.tgz",
      "integrity": "sha512-AEYxH93jGFPn/a2iVAwW87VuUIkR1FVUKB77NwMF7nBTDkDrrT/Hpt/IrCJ0QXhW27jTBDcf5ZY7w6RiqTMw2Q=="
    },
    "node_modules/type-fest": {
      "version": "4.18.2",
      "resolved": "https://registry.npmjs.org/type-fest/-/type-fest-4.18.2.tgz",
      "integrity": "sha512-+suCYpfJLAe4OXS6+PPXjW3urOS4IoP9waSiLuXfLgqZODKw/aWwASvzqE886wA0kQgGy0mIWyhd87VpqIy6Xg==",
      "engines": {
        "node": ">=16"
      },
      "funding": {
        "url": "https://github.com/sponsors/sindresorhus"
      }
    },
    "node_modules/typescript": {
      "version": "5.4.5",
      "resolved": "https://registry.npmjs.org/typescript/-/typescript-5.4.5.tgz",
      "integrity": "sha512-vcI4UpRgg81oIRUFwR0WSIHKt11nJ7SAVlYNIu+QpqeyXP+gpQJy/Z4+F0aGxSE4MqwjyXvW/TzgkLAx2AGHwQ==",
      "dev": true,
      "bin": {
        "tsc": "bin/tsc",
        "tsserver": "bin/tsserver"
      },
      "engines": {
        "node": ">=14.17"
      }
    },
    "node_modules/typescript-event-target": {
      "version": "1.1.1",
      "resolved": "https://registry.npmjs.org/typescript-event-target/-/typescript-event-target-1.1.1.tgz",
      "integrity": "sha512-dFSOFBKV6uwaloBCCUhxlD3Pr/P1a/tJdcmPrTXCHlEFD3faj0mztjcGn6VBAhQ0/Bdy8K3VWrrqwbt/ffsYsg=="
    },
    "node_modules/undici-types": {
      "version": "5.26.5",
      "resolved": "https://registry.npmjs.org/undici-types/-/undici-types-5.26.5.tgz",
      "integrity": "sha512-JlCMO+ehdEIKqlFxk6IfVoAUVmgz7cU7zD/h9XZ0qzeosSHmUJVOzSQvvYSYWXkFXC+IfLKSIffhv0sVZup6pA==",
      "dev": true
    },
    "node_modules/wait-your-turn": {
      "version": "1.0.1",
      "resolved": "https://registry.npmjs.org/wait-your-turn/-/wait-your-turn-1.0.1.tgz",
      "integrity": "sha512-UejbIY32KXhghXGwH4J2pTKUNvgdrCjdDGrtrdfHHJUAwXCok1l9ptEp4n13lg6PuyQIgxPGkWyKeJvvKeAqsA=="
    }
  }
}
